{
  "name": "rdoc-dev-utils",
  "version": "1.0.2",
  "lockfileVersion": 1,
  "requires": true,
  "dependencies": {
    "address": {
      "version": "1.0.3",
      "resolved": "https://registry.npmjs.org/address/-/address-1.0.3.tgz",
      "integrity": "sha512-z55ocwKBRLryBs394Sm3ushTtBeg6VAeuku7utSoSnsJKvKcnXFIyC6vh27n3rXyxSgkJBBCAvyOn7gSUcTYjg=="
    },
    "ansi-escapes": {
      "version": "3.0.0",
      "resolved": "https://registry.npmjs.org/ansi-escapes/-/ansi-escapes-3.0.0.tgz",
      "integrity": "sha512-O/klc27mWNUigtv0F8NJWbLF00OcegQalkqKURWdosW08YZKi4m6CnSUSvIZG1otNJbTWhN01Hhz389DW7mvDQ=="
    },
    "ansi-regex": {
      "version": "3.0.0",
      "resolved": "https://registry.npmjs.org/ansi-regex/-/ansi-regex-3.0.0.tgz",
      "integrity": "sha1-7QMXwyIGT3lGbAKWa922Bas32Zg="
    },
    "ansi-styles": {
      "version": "3.2.0",
      "resolved": "https://registry.npmjs.org/ansi-styles/-/ansi-styles-3.2.0.tgz",
      "integrity": "sha512-NnSOmMEYtVR2JVMIGTzynRkkaxtiq1xnFBcdQD/DnNCYPoEPsVJhM98BDyaoNOQIi7p4okdi3E27eN7GQbsUug==",
      "requires": {
        "color-convert": "1.9.1"
      }
    },
    "chalk": {
      "version": "2.3.0",
      "resolved": "https://registry.npmjs.org/chalk/-/chalk-2.3.0.tgz",
      "integrity": "sha512-Az5zJR2CBujap2rqXGaJKaPHyJ0IrUimvYNX+ncCy8PJP4ltOGTrHUIo097ZaL2zMeKYpiCdqDvS6zdrTFok3Q==",
      "requires": {
        "ansi-styles": "3.2.0",
        "escape-string-regexp": "1.0.5",
        "supports-color": "4.5.0"
      }
    },
    "chardet": {
      "version": "0.4.2",
      "resolved": "https://registry.npmjs.org/chardet/-/chardet-0.4.2.tgz",
      "integrity": "sha1-tUc7M9yXxCTl2Y3IfVXU2KKci/I="
    },
    "cli-cursor": {
      "version": "2.1.0",
      "resolved": "https://registry.npmjs.org/cli-cursor/-/cli-cursor-2.1.0.tgz",
      "integrity": "sha1-s12sN2R5+sw+lHR9QdDQ9SOP/LU=",
      "requires": {
        "restore-cursor": "2.0.0"
      }
    },
    "cli-width": {
      "version": "2.2.0",
      "resolved": "https://registry.npmjs.org/cli-width/-/cli-width-2.2.0.tgz",
      "integrity": "sha1-/xnt6Kml5XkyQUewwR8PvLq+1jk="
    },
    "color-convert": {
      "version": "1.9.1",
      "resolved": "https://registry.npmjs.org/color-convert/-/color-convert-1.9.1.tgz",
      "integrity": "sha512-mjGanIiwQJskCC18rPR6OmrZ6fm2Lc7PeGFYwCmy5J34wC6F1PzdGL6xeMfmgicfYcNLGuVFA3WzXtIDCQSZxQ==",
      "requires": {
        "color-name": "1.1.3"
      }
    },
    "color-name": {
      "version": "1.1.3",
      "resolved": "https://registry.npmjs.org/color-name/-/color-name-1.1.3.tgz",
      "integrity": "sha1-p9BVi9icQveV3UIyj3QIMcpTvCU="
    },
    "colors-cli": {
      "version": "1.0.9",
      "resolved": "https://registry.npmjs.org/colors-cli/-/colors-cli-1.0.9.tgz",
      "integrity": "sha1-UEPYG5PrDIzIyVcIoCnIuIy5QrE="
    },
    "cross-spawn": {
      "version": "5.1.0",
      "resolved": "https://registry.npmjs.org/cross-spawn/-/cross-spawn-5.1.0.tgz",
      "integrity": "sha1-6L0O/uWPz/b4+UUQoKVUu/ojVEk=",
      "requires": {
        "lru-cache": "4.1.1",
        "shebang-command": "1.2.0",
        "which": "1.3.0"
      }
    },
    "debug": {
      "version": "2.6.9",
      "resolved": "https://registry.npmjs.org/debug/-/debug-2.6.9.tgz",
      "integrity": "sha512-bC7ElrdJaJnPbAP+1EotYvqZsb3ecl5wi6Bfi6BJTUcNowp6cvspg0jXznRTKDjm/E7AdgFBVeAPVMNcKGsHMA==",
      "requires": {
        "ms": "2.0.0"
      }
    },
    "detect-port-alt": {
      "version": "1.1.3",
      "resolved": "https://registry.npmjs.org/detect-port-alt/-/detect-port-alt-1.1.3.tgz",
      "integrity": "sha1-pNLwYddXoDTs83xRQmCph1DysTE=",
      "requires": {
        "address": "1.0.3",
        "debug": "2.6.9"
      }
    },
    "escape-string-regexp": {
      "version": "1.0.5",
      "resolved": "https://registry.npmjs.org/escape-string-regexp/-/escape-string-regexp-1.0.5.tgz",
      "integrity": "sha1-G2HAViGQqN/2rjuyzwIAyhMLhtQ="
    },
    "eventsource": {
      "version": "0.1.6",
      "resolved": "https://registry.npmjs.org/eventsource/-/eventsource-0.1.6.tgz",
      "integrity": "sha1-Cs7ehJ7X3RzMMsgRuxG5RNTykjI=",
      "requires": {
        "original": "1.0.0"
      }
    },
    "external-editor": {
      "version": "2.1.0",
      "resolved": "https://registry.npmjs.org/external-editor/-/external-editor-2.1.0.tgz",
      "integrity": "sha512-E44iT5QVOUJBKij4IIV3uvxuNlbKS38Tw1HiupxEIHPv9qtC2PrDYohbXV5U+1jnfIXttny8gUhj+oZvflFlzA==",
      "requires": {
        "chardet": "0.4.2",
        "iconv-lite": "0.4.19",
        "tmp": "0.0.33"
      }
    },
    "faye-websocket": {
      "version": "0.11.1",
      "resolved": "https://registry.npmjs.org/faye-websocket/-/faye-websocket-0.11.1.tgz",
      "integrity": "sha1-8O/hjE9W5PQK/H4Gxxn9XuYYjzg=",
      "requires": {
        "websocket-driver": "0.7.0"
      }
    },
    "figures": {
      "version": "2.0.0",
      "resolved": "https://registry.npmjs.org/figures/-/figures-2.0.0.tgz",
      "integrity": "sha1-OrGi0qYsi/tDGgyUy3l6L84nyWI=",
      "requires": {
        "escape-string-regexp": "1.0.5"
      }
    },
    "has-flag": {
      "version": "2.0.0",
      "resolved": "https://registry.npmjs.org/has-flag/-/has-flag-2.0.0.tgz",
      "integrity": "sha1-6CB68cx7MNRGzHC3NLXovhj4jVE="
    },
    "http-parser-js": {
      "version": "0.4.9",
      "resolved": "https://registry.npmjs.org/http-parser-js/-/http-parser-js-0.4.9.tgz",
      "integrity": "sha1-6hoE+2St/wJC6ZdPKX3Uw8rSceE="
    },
    "iconv-lite": {
      "version": "0.4.19",
      "resolved": "https://registry.npmjs.org/iconv-lite/-/iconv-lite-0.4.19.tgz",
      "integrity": "sha512-oTZqweIP51xaGPI4uPa56/Pri/480R+mo7SeU+YETByQNhDG55ycFyNLIgta9vXhILrxXDmF7ZGhqZIcuN0gJQ=="
    },
    "inherits": {
      "version": "2.0.3",
      "resolved": "https://registry.npmjs.org/inherits/-/inherits-2.0.3.tgz",
      "integrity": "sha1-Yzwsg+PaQqUC9SRmAiSA9CCCYd4="
    },
    "inquirer": {
      "version": "4.0.2",
      "resolved": "https://registry.npmjs.org/inquirer/-/inquirer-4.0.2.tgz",
      "integrity": "sha512-+f3qDNeZpkhFJ61NBA9jXDrGGhoQuqfEum9A681c9oHoIbGgVqjogKynjB/vNVP+nVu9w3FbFQ35c0ibU0MaIQ==",
      "requires": {
        "ansi-escapes": "3.0.0",
        "chalk": "2.3.0",
        "cli-cursor": "2.1.0",
        "cli-width": "2.2.0",
        "external-editor": "2.1.0",
        "figures": "2.0.0",
        "lodash": "4.17.4",
        "mute-stream": "0.0.7",
        "run-async": "2.3.0",
        "rx-lite": "4.0.8",
        "rx-lite-aggregates": "4.0.8",
        "string-width": "2.1.1",
        "strip-ansi": "4.0.0",
        "through": "2.3.8"
      }
    },
    "is-fullwidth-code-point": {
      "version": "2.0.0",
      "resolved": "https://registry.npmjs.org/is-fullwidth-code-point/-/is-fullwidth-code-point-2.0.0.tgz",
      "integrity": "sha1-o7MKXE8ZkYMWeqq5O+764937ZU8="
    },
    "is-promise": {
      "version": "2.1.0",
      "resolved": "https://registry.npmjs.org/is-promise/-/is-promise-2.1.0.tgz",
      "integrity": "sha1-eaKp7OfwlugPNtKy87wWwf9L8/o="
    },
    "is-root": {
      "version": "1.0.0",
      "resolved": "https://registry.npmjs.org/is-root/-/is-root-1.0.0.tgz",
      "integrity": "sha1-B7bCM7w5TNnQK6FclmvWZg1jQtU="
    },
    "is-wsl": {
      "version": "1.1.0",
      "resolved": "https://registry.npmjs.org/is-wsl/-/is-wsl-1.1.0.tgz",
      "integrity": "sha1-HxbkqiKwTRM2tmGIpmrzxgDDpm0="
    },
    "isexe": {
      "version": "2.0.0",
      "resolved": "https://registry.npmjs.org/isexe/-/isexe-2.0.0.tgz",
      "integrity": "sha1-6PvzdNxVb/iUehDcsFctYz8s+hA="
    },
    "json3": {
      "version": "3.3.2",
      "resolved": "https://registry.npmjs.org/json3/-/json3-3.3.2.tgz",
      "integrity": "sha1-PAQ0dD35Pi9cQq7nsZvLSDV19OE="
    },
    "loading-cli": {
      "version": "1.0.4",
      "resolved": "https://registry.npmjs.org/loading-cli/-/loading-cli-1.0.4.tgz",
      "integrity": "sha512-NEfezxg2ah/H6AUTATH9z9hbUJdwo5JuvUvwWViNhLb1ltfwFFQ+NGwwzGBsDhrJCiKsMzbfm1dsc53YlxLkFQ==",
      "requires": {
        "colors-cli": "1.0.9"
      }
    },
    "lodash": {
      "version": "4.17.4",
      "resolved": "https://registry.npmjs.org/lodash/-/lodash-4.17.4.tgz",
      "integrity": "sha1-eCA6TRwyiuHYbcpkYONptX9AVa4="
    },
    "lru-cache": {
      "version": "4.1.1",
      "resolved": "https://registry.npmjs.org/lru-cache/-/lru-cache-4.1.1.tgz",
      "integrity": "sha512-q4spe4KTfsAS1SUHLO0wz8Qiyf1+vMIAgpRYioFYDMNqKfHQbg+AVDH3i4fvpl71/P1L0dBl+fQi+P37UYf0ew==",
      "requires": {
        "pseudomap": "1.0.2",
        "yallist": "2.1.2"
      }
    },
    "mimic-fn": {
      "version": "1.1.0",
      "resolved": "https://registry.npmjs.org/mimic-fn/-/mimic-fn-1.1.0.tgz",
      "integrity": "sha1-5md4PZLonb00KBi1IwudYqZyrRg="
    },
    "ms": {
      "version": "2.0.0",
      "resolved": "https://registry.npmjs.org/ms/-/ms-2.0.0.tgz",
      "integrity": "sha1-VgiurfwAvmwpAd9fmGF4jeDVl8g="
    },
    "mute-stream": {
      "version": "0.0.7",
      "resolved": "https://registry.npmjs.org/mute-stream/-/mute-stream-0.0.7.tgz",
      "integrity": "sha1-MHXOk7whuPq0PhvE2n6BFe0ee6s="
    },
    "onetime": {
      "version": "2.0.1",
      "resolved": "https://registry.npmjs.org/onetime/-/onetime-2.0.1.tgz",
      "integrity": "sha1-BnQoIw/WdEOyeUsiu6UotoZ5YtQ=",
      "requires": {
        "mimic-fn": "1.1.0"
      }
    },
    "opn": {
      "version": "5.1.0",
      "resolved": "https://registry.npmjs.org/opn/-/opn-5.1.0.tgz",
      "integrity": "sha512-iPNl7SyM8L30Rm1sjGdLLheyHVw5YXVfi3SKWJzBI7efxRwHojfRFjwE/OLM6qp9xJYMgab8WicTU1cPoY+Hpg==",
      "requires": {
        "is-wsl": "1.1.0"
      }
    },
    "original": {
      "version": "1.0.0",
      "resolved": "https://registry.npmjs.org/original/-/original-1.0.0.tgz",
      "integrity": "sha1-kUf5P6FpbQS+YeAb1QuurKZWvTs=",
      "requires": {
        "url-parse": "1.0.5"
      },
      "dependencies": {
        "url-parse": {
          "version": "1.0.5",
          "resolved": "https://registry.npmjs.org/url-parse/-/url-parse-1.0.5.tgz",
          "integrity": "sha1-CFSGBCKv3P7+tsllxmLUgAFpkns=",
          "requires": {
            "querystringify": "0.0.4",
            "requires-port": "1.0.0"
          }
        }
      }
    },
    "os-tmpdir": {
      "version": "1.0.2",
      "resolved": "https://registry.npmjs.org/os-tmpdir/-/os-tmpdir-1.0.2.tgz",
      "integrity": "sha1-u+Z0BseaqFxc/sdm/lc0VV36EnQ="
    },
    "pseudomap": {
      "version": "1.0.2",
      "resolved": "https://registry.npmjs.org/pseudomap/-/pseudomap-1.0.2.tgz",
      "integrity": "sha1-8FKijacOYYkX7wqKw0wa5aaChrM="
    },
    "querystringify": {
      "version": "0.0.4",
      "resolved": "https://registry.npmjs.org/querystringify/-/querystringify-0.0.4.tgz",
      "integrity": "sha1-DPf4T5Rj/wrlHExLFC2VvjdyTZw="
    },
    "react-error-overlay": {
      "version": "3.0.0",
      "resolved": "https://registry.npmjs.org/react-error-overlay/-/react-error-overlay-3.0.0.tgz",
      "integrity": "sha512-XzgvowFrwDo6TWcpJ/WTiarb9UI6lhA4PMzS7n1joK3sHfBBBOQHUc0U4u57D6DWO9vHv6lVSWx2Q/Ymfyv4hw=="
    },
    "requires-port": {
      "version": "1.0.0",
      "resolved": "https://registry.npmjs.org/requires-port/-/requires-port-1.0.0.tgz",
      "integrity": "sha1-kl0mAdOaxIXgkc8NpcbmlNw9yv8="
    },
    "restore-cursor": {
      "version": "2.0.0",
      "resolved": "https://registry.npmjs.org/restore-cursor/-/restore-cursor-2.0.0.tgz",
      "integrity": "sha1-n37ih/gv0ybU/RYpI9YhKe7g368=",
      "requires": {
        "onetime": "2.0.1",
        "signal-exit": "3.0.2"
      }
    },
    "run-async": {
      "version": "2.3.0",
      "resolved": "https://registry.npmjs.org/run-async/-/run-async-2.3.0.tgz",
      "integrity": "sha1-A3GrSuC91yDUFm19/aZP96RFpsA=",
      "requires": {
        "is-promise": "2.1.0"
      }
    },
    "rx-lite": {
      "version": "4.0.8",
      "resolved": "https://registry.npmjs.org/rx-lite/-/rx-lite-4.0.8.tgz",
      "integrity": "sha1-Cx4Rr4vESDbwSmQH6S2kJGe3lEQ="
    },
    "rx-lite-aggregates": {
      "version": "4.0.8",
      "resolved": "https://registry.npmjs.org/rx-lite-aggregates/-/rx-lite-aggregates-4.0.8.tgz",
      "integrity": "sha1-dTuHqJoRyVRnxKwWJsTvxOBcZ74=",
      "requires": {
        "rx-lite": "4.0.8"
      }
    },
    "shebang-command": {
      "version": "1.2.0",
      "resolved": "https://registry.npmjs.org/shebang-command/-/shebang-command-1.2.0.tgz",
      "integrity": "sha1-RKrGW2lbAzmJaMOfNj/uXer98eo=",
      "requires": {
        "shebang-regex": "1.0.0"
      }
    },
    "shebang-regex": {
      "version": "1.0.0",
      "resolved": "https://registry.npmjs.org/shebang-regex/-/shebang-regex-1.0.0.tgz",
      "integrity": "sha1-2kL0l0DAtC2yypcoVxyxkMmO/qM="
    },
    "signal-exit": {
      "version": "3.0.2",
      "resolved": "https://registry.npmjs.org/signal-exit/-/signal-exit-3.0.2.tgz",
      "integrity": "sha1-tf3AjxKH6hF4Yo5BXiUTK3NkbG0="
    },
    "sockjs-client": {
      "version": "1.1.4",
      "resolved": "https://registry.npmjs.org/sockjs-client/-/sockjs-client-1.1.4.tgz",
      "integrity": "sha1-W6vjhrd15M8U51IJEUUmVAFsixI=",
      "requires": {
        "debug": "2.6.9",
        "eventsource": "0.1.6",
        "faye-websocket": "0.11.1",
        "inherits": "2.0.3",
        "json3": "3.3.2",
        "url-parse": "1.2.0"
      }
    },
    "string-width": {
      "version": "2.1.1",
      "resolved": "https://registry.npmjs.org/string-width/-/string-width-2.1.1.tgz",
      "integrity": "sha512-nOqH59deCq9SRHlxq1Aw85Jnt4w6KvLKqWVik6oA9ZklXLNIOlqg4F2yrT1MVaTjAqvVwdfeZ7w7aCvJD7ugkw==",
      "requires": {
        "is-fullwidth-code-point": "2.0.0",
        "strip-ansi": "4.0.0"
      }
    },
    "strip-ansi": {
      "version": "4.0.0",
      "resolved": "https://registry.npmjs.org/strip-ansi/-/strip-ansi-4.0.0.tgz",
      "integrity": "sha1-qEeQIusaw2iocTibY1JixQXuNo8=",
      "requires": {
        "ansi-regex": "3.0.0"
      }
    },
    "supports-color": {
      "version": "4.5.0",
      "resolved": "https://registry.npmjs.org/supports-color/-/supports-color-4.5.0.tgz",
      "integrity": "sha1-vnoN5ITexcXN34s9WRJQRJEvY1s=",
      "requires": {
        "has-flag": "2.0.0"
      }
    },
    "through": {
      "version": "2.3.8",
      "resolved": "https://registry.npmjs.org/through/-/through-2.3.8.tgz",
      "integrity": "sha1-DdTJ/6q8NXlgsbckEV1+Doai4fU="
    },
    "tmp": {
      "version": "0.0.33",
      "resolved": "https://registry.npmjs.org/tmp/-/tmp-0.0.33.tgz",
      "integrity": "sha512-jRCJlojKnZ3addtTOjdIqoRuPEKBvNXcGYqzO6zWZX8KfKEpnGY5jfggJQ3EjKuu8D4bJRr0y+cYJFmYbImXGw==",
      "requires": {
        "os-tmpdir": "1.0.2"
      }
    },
    "url-parse": {
      "version": "1.2.0",
      "resolved": "https://registry.npmjs.org/url-parse/-/url-parse-1.2.0.tgz",
      "integrity": "sha512-DT1XbYAfmQP65M/mE6OALxmXzZ/z1+e5zk2TcSKe/KiYbNGZxgtttzC0mR/sjopbpOXcbniq7eIKmocJnUWlEw==",
      "requires": {
        "querystringify": "1.0.0",
        "requires-port": "1.0.0"
      },
      "dependencies": {
        "querystringify": {
          "version": "1.0.0",
          "resolved": "https://registry.npmjs.org/querystringify/-/querystringify-1.0.0.tgz",
          "integrity": "sha1-YoYkIRLFtxL6ZU5SZlK/ahP/Bcs="
        }
      }
    },
    "webpack-hot-dev-clients": {
      "version": "1.0.3",
      "resolved": "https://registry.npmjs.org/webpack-hot-dev-clients/-/webpack-hot-dev-clients-1.0.3.tgz",
      "integrity": "sha512-UqZOj+8+I226mphCJ81NTsWJnluGQTdumCKqRCvaQxrOJ2NqJj6zGP72Y2OscEMPnFlDRgZyTLEZjewPiFkBZg==",
      "requires": {
        "colors-cli": "1.0.9",
        "react-error-overlay": "3.0.0",
        "sockjs-client": "1.1.4",
        "strip-ansi": "4.0.0"
      }
    },
    "websocket-driver": {
      "version": "0.7.0",
      "resolved": "https://registry.npmjs.org/websocket-driver/-/websocket-driver-0.7.0.tgz",
      "integrity": "sha1-DK+dLXVdk67gSdS90NP+LMoqJOs=",
      "requires": {
        "http-parser-js": "0.4.9",
        "websocket-extensions": "0.1.3"
      }
    },
    "websocket-extensions": {
      "version": "0.1.3",
      "resolved": "https://registry.npmjs.org/websocket-extensions/-/websocket-extensions-0.1.3.tgz",
      "integrity": "sha512-nqHUnMXmBzT0w570r2JpJxfiSD1IzoI+HGVdd3aZ0yNi3ngvQ4jv1dtHt5VGxfI2yj5yqImPhOK4vmIh2xMbGg=="
    },
    "which": {
      "version": "1.3.0",
      "resolved": "https://registry.npmjs.org/which/-/which-1.3.0.tgz",
      "integrity": "sha512-xcJpopdamTuY5duC/KnTTNBraPK54YwpenP4lzxU8H91GudWpFv38u0CKjclE1Wi2EH2EDz5LRcHcKbCIzqGyg==",
      "requires": {
        "isexe": "2.0.0"
      }
    },
    "yallist": {
      "version": "2.1.2",
      "resolved": "https://registry.npmjs.org/yallist/-/yallist-2.1.2.tgz",
      "integrity": "sha1-HBH5IY8HYImkfdUS+TxmmaaoHVI="
    }
  }
}
